
Microsoft Visual Studio Solution File, Format Version 12.00
# Visual Studio Version 16
VisualStudioVersion = 16.0.33927.289
MinimumVisualStudioVersion = 10.0.40219.1
Project("{2150E333-8FDC-42A3-9474-1A3956D46DE8}") = "Task0", "Task0", "{59416BBB-2235-4A0A-BBE9-EA37D9EA7E1F}"
EndProject
Project("{FAE04EC0-301F-11D3-BF4B-00C04F79EFBC}") = "Tyuiu.KubasovIV.Sprint1.Task0.V12", "Tyuiu.KubasovIV.Sprint1.Task0.V0\Tyuiu.KubasovIV.Sprint1.Task0.V12.csproj", "{29827D11-DFA7-4A2E-96C9-FE792CA2C3E8}"
EndProject
Project("{FAE04EC0-301F-11D3-BF4B-00C04F79EFBC}") = "Tyuiu.KubasovIV.Sprint1.Task0.V12.Test", "Tyuiu.KubasovIV.Sprint1.Task0.V0.Test\Tyuiu.KubasovIV.Sprint1.Task0.V12.Test.csproj", "{365A67C0-6BCE-4B6F-8040-FD17046CEBFA}"
EndProject
Project("{FAE04EC0-301F-11D3-BF4B-00C04F79EFBC}") = "Tyuiu.KubasovIV.Sprint1.Task0.V12.Lib", "Tyuiu.KubasovIV.Sprint1.Task0.V0.Lib\Tyuiu.KubasovIV.Sprint1.Task0.V12.Lib.csproj", "{AA6B4592-1CDB-4318-BD01-096EB49B7317}"
EndProject
Project("{2150E333-8FDC-42A3-9474-1A3956D46DE8}") = "Task1", "Task1", "{061CBA8A-E9E7-4803-BFA1-81F08773EA3F}"
EndProject
Project("{FAE04EC0-301F-11D3-BF4B-00C04F79EFBC}") = "Tyuiu.KubasovIV.Sprint1.Task1.V4", "Tyuiu.KubasovIV.Sprint1.Task1.V0\Tyuiu.KubasovIV.Sprint1.Task1.V4.csproj", "{CB0E69D2-C886-4B54-813F-74DB98A15D41}"
EndProject
Project("{FAE04EC0-301F-11D3-BF4B-00C04F79EFBC}") = "Tyuiu.KubasovIV.Sprint1.Task1.V4.Lib", "Tyuiu.KubasovIV.Sprint1.Task1.V0.Lib\Tyuiu.KubasovIV.Sprint1.Task1.V4.Lib.csproj", "{D8D6377D-0211-46F8-95FC-FF48F26D85B7}"
EndProject
Project("{FAE04EC0-301F-11D3-BF4B-00C04F79EFBC}") = "Tyuiu.KubasovIV.Sprint1.Task1.V4.Test", "Tyuiu.KubasovIV.Sprint1.Task1.V0.Test\Tyuiu.KubasovIV.Sprint1.Task1.V4.Test.csproj", "{6DAB2A89-4235-4F04-92F4-8DCD1095323E}"
EndProject
Project("{2150E333-8FDC-42A3-9474-1A3956D46DE8}") = "Task2", "Task2", "{AE03AD1E-9B09-49B6-8505-E8A6E63A65F6}"
EndProject
Project("{FAE04EC0-301F-11D3-BF4B-00C04F79EFBC}") = "Tyuiu.KubasovIV.Sprint1.Task2.V18", "Tyuiu.KubasovIV.Sprint1.Task2.V18\Tyuiu.KubasovIV.Sprint1.Task2.V18.csproj", "{C8C2096B-83E8-47D4-9CE3-90E419BD139A}"
EndProject
Project("{FAE04EC0-301F-11D3-BF4B-00C04F79EFBC}") = "Tyuiu.KubasovIV.Sprint1.Task2.V18.Test", "Tyuiu.KubasovIV.Sprint1.Task2.V18.Test\Tyuiu.KubasovIV.Sprint1.Task2.V18.Test.csproj", "{289C7CFF-4BA2-49CF-8A22-CB1996D57387}"
EndProject
Project("{FAE04EC0-301F-11D3-BF4B-00C04F79EFBC}") = "Tyuiu.KubasovIV.Sprint1.Task2.V18.Lib", "Tyuiu.KubasovIV.Sprint1.Task2.V18.Lib\Tyuiu.KubasovIV.Sprint1.Task2.V18.Lib.csproj", "{5C6DD683-22AE-41A0-BD31-310782F8B0C9}"
EndProject
Project("{2150E333-8FDC-42A3-9474-1A3956D46DE8}") = "Task3", "Task3", "{5C7DFC21-FA19-4140-8185-1F5ACA758579}"
EndProject
Project("{FAE04EC0-301F-11D3-BF4B-00C04F79EFBC}") = "Tyuiu.KubasovIV.Sprint1.Task3.V18", "Tyuiu.KubasovIV.Sprint1.Task3.V18\Tyuiu.KubasovIV.Sprint1.Task3.V18.csproj", "{A16415B0-8443-4805-83A6-E42157DA13AF}"
EndProject
Project("{FAE04EC0-301F-11D3-BF4B-00C04F79EFBC}") = "Tyuiu.KubasovIV.Sprint1.Task3.V18.Lib", "Tyuiu.KubasovIV.Sprint1.Task3.V18.Lib\Tyuiu.KubasovIV.Sprint1.Task3.V18.Lib.csproj", "{8A6D9E1E-98F5-404F-969C-83EB64AA52E6}"
EndProject
Project("{FAE04EC0-301F-11D3-BF4B-00C04F79EFBC}") = "Tyuiu.KubasovIV.Sprint1.Task3.V18.Test", "Tyuiu.KubasovIV.Sprint1.Task3.V18.Test\Tyuiu.KubasovIV.Sprint1.Task3.V18.Test.csproj", "{DBD31EF0-DE51-4D5D-80F1-11A6D4B8D9A6}"
EndProject
Project("{2150E333-8FDC-42A3-9474-1A3956D46DE8}") = "Task4", "Task4", "{FC7D8207-19CB-417B-9C08-19C9C9913428}"
EndProject
Project("{FAE04EC0-301F-11D3-BF4B-00C04F79EFBC}") = "Tyuiu.KubasovIV.Sprint1.Task4.V9", "Tyuiu.KubasovIV.Sprint1.Task4.V9\Tyuiu.KubasovIV.Sprint1.Task4.V9.csproj", "{95D4B7DA-EC46-4F97-A096-6BB6AEA40F6A}"
EndProject
Project("{FAE04EC0-301F-11D3-BF4B-00C04F79EFBC}") = "Tyuiu.KubasovIV.Sprint1.Task4.V9.Lib", "Tyuiu.KubasovIV.Sprint1.Task4.V9.Lib\Tyuiu.KubasovIV.Sprint1.Task4.V9.Lib.csproj", "{33D19092-7A23-4C74-95ED-FC830466079E}"
EndProject
Project("{FAE04EC0-301F-11D3-BF4B-00C04F79EFBC}") = "Tyuiu.KubasovIV.Sprint1.Task4.V9.Test", "Tyuiu.KubasovIV.Sprint1.Task4.V9.Test\Tyuiu.KubasovIV.Sprint1.Task4.V9.Test.csproj", "{E93048F7-EA40-44D7-986B-BAF67A03BC04}"
EndProject
Project("{2150E333-8FDC-42A3-9474-1A3956D46DE8}") = "Task5", "Task5", "{104A013A-B57D-45B7-9FB6-7DA575236309}"
EndProject
Project("{FAE04EC0-301F-11D3-BF4B-00C04F79EFBC}") = "Tyuiu.KubasovIV.Sprint1.Task5.V1", "Tyuiu.KubasovIV.Sprint1.Task5.V1\Tyuiu.KubasovIV.Sprint1.Task5.V1.csproj", "{29A032E7-EFB4-4FE7-AE23-649B9E219E67}"
EndProject
Project("{FAE04EC0-301F-11D3-BF4B-00C04F79EFBC}") = "Tyuiu.KubasovIV.Sprint1.Task5.V1.Lib", "Tyuiu.KubasovIV.Sprint1.Task5.V1.Lib\Tyuiu.KubasovIV.Sprint1.Task5.V1.Lib.csproj", "{77679245-AADE-4915-9ACA-08DBC2EA786B}"
EndProject
Project("{FAE04EC0-301F-11D3-BF4B-00C04F79EFBC}") = "Tyuiu.KubasovIV.Sprint1.Task5.V1.Test", "Tyuiu.KubasovIV.Sprint1.Task5.V1.Test\Tyuiu.KubasovIV.Sprint1.Task5.V1.Test.csproj", "{63E5EE56-ECA8-4A6C-8082-FA06C79E8F30}"
EndProject
Project("{2150E333-8FDC-42A3-9474-1A3956D46DE8}") = "Task6", "Task6", "{E6C1FEAD-76E9-4833-ABB0-6B17404DD0BC}"
EndProject
Project("{FAE04EC0-301F-11D3-BF4B-00C04F79EFBC}") = "Tyuiu.KubasovIV.Sprint1.Task6.V8.Lib", "Tyuiu.KubasovIV.Sprint1.Task6.V8.Lib\Tyuiu.KubasovIV.Sprint1.Task6.V8.Lib.csproj", "{13F8844A-AE4F-4BC3-B3B0-2367AC6ABEDB}"
EndProject
Project("{FAE04EC0-301F-11D3-BF4B-00C04F79EFBC}") = "Tyuiu.KubasovIV.Sprint1.Task6.V8.Test", "Tyuiu.KubasovIV.Sprint1.Task6.V8.Test\Tyuiu.KubasovIV.Sprint1.Task6.V8.Test.csproj", "{E98E4076-6801-4022-ABF3-F23D3BF46E92}"
EndProject
Project("{FAE04EC0-301F-11D3-BF4B-00C04F79EFBC}") = "Tyuiu.KubasovIV.Sprint1.Task6.V8", "Tyuiu.KubasovIV.Sprint1.Task6.V8\Tyuiu.KubasovIV.Sprint1.Task6.V8.csproj", "{CC856C1D-9525-45E1-8350-B1D0B0A44BC9}"
EndProject
Project("{2150E333-8FDC-42A3-9474-1A3956D46DE8}") = "Task7", "Task7", "{2A9C73A9-2FAB-485C-9BC9-4B25C346C4DC}"
EndProject
Project("{FAE04EC0-301F-11D3-BF4B-00C04F79EFBC}") = "Tyuiu.KubasovIV.Sprint1.Task7.V13", "Tyuiu.KubasovIV.Sprint1.Task7.V13\Tyuiu.KubasovIV.Sprint1.Task7.V13.csproj", "{E4287425-6348-4F8B-8961-8CAA9C422CD8}"
EndProject
Project("{FAE04EC0-301F-11D3-BF4B-00C04F79EFBC}") = "Tyuiu.KubasovIV.Sprint1.Task7.V13.Test", "Tyuiu.KubasovIV.Sprint1.Task7.V13.Test\Tyuiu.KubasovIV.Sprint1.Task7.V13.Test.csproj", "{EF4C41E3-DB39-4E94-93AF-DB1147DEB88F}"
EndProject
Project("{FAE04EC0-301F-11D3-BF4B-00C04F79EFBC}") = "Tyuiu.KubasovIV.Sprint1.Task7.V13.Lib", "Tyuiu.KubasovIV.Sprint1.Task7.V13.Lib\Tyuiu.KubasovIV.Sprint1.Task7.V13.Lib.csproj", "{9D916BB8-076D-444C-945C-BE53B5C59BAF}"
EndProject
Global
	GlobalSection(SolutionConfigurationPlatforms) = preSolution
		Debug|Any CPU = Debug|Any CPU
		Release|Any CPU = Release|Any CPU
	EndGlobalSection
	GlobalSection(ProjectConfigurationPlatforms) = postSolution
		{29827D11-DFA7-4A2E-96C9-FE792CA2C3E8}.Debug|Any CPU.ActiveCfg = Debug|Any CPU
		{29827D11-DFA7-4A2E-96C9-FE792CA2C3E8}.Debug|Any CPU.Build.0 = Debug|Any CPU
		{29827D11-DFA7-4A2E-96C9-FE792CA2C3E8}.Release|Any CPU.ActiveCfg = Release|Any CPU
		{29827D11-DFA7-4A2E-96C9-FE792CA2C3E8}.Release|Any CPU.Build.0 = Release|Any CPU
		{365A67C0-6BCE-4B6F-8040-FD17046CEBFA}.Debug|Any CPU.ActiveCfg = Debug|Any CPU
		{365A67C0-6BCE-4B6F-8040-FD17046CEBFA}.Debug|Any CPU.Build.0 = Debug|Any CPU
		{365A67C0-6BCE-4B6F-8040-FD17046CEBFA}.Release|Any CPU.ActiveCfg = Release|Any CPU
		{365A67C0-6BCE-4B6F-8040-FD17046CEBFA}.Release|Any CPU.Build.0 = Release|Any CPU
		{AA6B4592-1CDB-4318-BD01-096EB49B7317}.Debug|Any CPU.ActiveCfg = Debug|Any CPU
		{AA6B4592-1CDB-4318-BD01-096EB49B7317}.Debug|Any CPU.Build.0 = Debug|Any CPU
		{AA6B4592-1CDB-4318-BD01-096EB49B7317}.Release|Any CPU.ActiveCfg = Release|Any CPU
		{AA6B4592-1CDB-4318-BD01-096EB49B7317}.Release|Any CPU.Build.0 = Release|Any CPU
		{CB0E69D2-C886-4B54-813F-74DB98A15D41}.Debug|Any CPU.ActiveCfg = Debug|Any CPU
		{CB0E69D2-C886-4B54-813F-74DB98A15D41}.Debug|Any CPU.Build.0 = Debug|Any CPU
		{CB0E69D2-C886-4B54-813F-74DB98A15D41}.Release|Any CPU.ActiveCfg = Release|Any CPU
		{CB0E69D2-C886-4B54-813F-74DB98A15D41}.Release|Any CPU.Build.0 = Release|Any CPU
		{D8D6377D-0211-46F8-95FC-FF48F26D85B7}.Debug|Any CPU.ActiveCfg = Debug|Any CPU
		{D8D6377D-0211-46F8-95FC-FF48F26D85B7}.Debug|Any CPU.Build.0 = Debug|Any CPU
		{D8D6377D-0211-46F8-95FC-FF48F26D85B7}.Release|Any CPU.ActiveCfg = Release|Any CPU
		{D8D6377D-0211-46F8-95FC-FF48F26D85B7}.Release|Any CPU.Build.0 = Release|Any CPU
		{6DAB2A89-4235-4F04-92F4-8DCD1095323E}.Debug|Any CPU.ActiveCfg = Debug|Any CPU
		{6DAB2A89-4235-4F04-92F4-8DCD1095323E}.Debug|Any CPU.Build.0 = Debug|Any CPU
		{6DAB2A89-4235-4F04-92F4-8DCD1095323E}.Release|Any CPU.ActiveCfg = Release|Any CPU
		{6DAB2A89-4235-4F04-92F4-8DCD1095323E}.Release|Any CPU.Build.0 = Release|Any CPU
		{C8C2096B-83E8-47D4-9CE3-90E419BD139A}.Debug|Any CPU.ActiveCfg = Debug|Any CPU
		{C8C2096B-83E8-47D4-9CE3-90E419BD139A}.Debug|Any CPU.Build.0 = Debug|Any CPU
		{C8C2096B-83E8-47D4-9CE3-90E419BD139A}.Release|Any CPU.ActiveCfg = Release|Any CPU
		{C8C2096B-83E8-47D4-9CE3-90E419BD139A}.Release|Any CPU.Build.0 = Release|Any CPU
		{289C7CFF-4BA2-49CF-8A22-CB1996D57387}.Debug|Any CPU.ActiveCfg = Debug|Any CPU
		{289C7CFF-4BA2-49CF-8A22-CB1996D57387}.Debug|Any CPU.Build.0 = Debug|Any CPU
		{289C7CFF-4BA2-49CF-8A22-CB1996D57387}.Release|Any CPU.ActiveCfg = Release|Any CPU
		{289C7CFF-4BA2-49CF-8A22-CB1996D57387}.Release|Any CPU.Build.0 = Release|Any CPU
		{5C6DD683-22AE-41A0-BD31-310782F8B0C9}.Debug|Any CPU.ActiveCfg = Debug|Any CPU
		{5C6DD683-22AE-41A0-BD31-310782F8B0C9}.Debug|Any CPU.Build.0 = Debug|Any CPU
		{5C6DD683-22AE-41A0-BD31-310782F8B0C9}.Release|Any CPU.ActiveCfg = Release|Any CPU
		{5C6DD683-22AE-41A0-BD31-310782F8B0C9}.Release|Any CPU.Build.0 = Release|Any CPU
		{A16415B0-8443-4805-83A6-E42157DA13AF}.Debug|Any CPU.ActiveCfg = Debug|Any CPU
		{A16415B0-8443-4805-83A6-E42157DA13AF}.Debug|Any CPU.Build.0 = Debug|Any CPU
		{A16415B0-8443-4805-83A6-E42157DA13AF}.Release|Any CPU.ActiveCfg = Release|Any CPU
		{A16415B0-8443-4805-83A6-E42157DA13AF}.Release|Any CPU.Build.0 = Release|Any CPU
		{8A6D9E1E-98F5-404F-969C-83EB64AA52E6}.Debug|Any CPU.ActiveCfg = Debug|Any CPU
		{8A6D9E1E-98F5-404F-969C-83EB64AA52E6}.Debug|Any CPU.Build.0 = Debug|Any CPU
		{8A6D9E1E-98F5-404F-969C-83EB64AA52E6}.Release|Any CPU.ActiveCfg = Release|Any CPU
		{8A6D9E1E-98F5-404F-969C-83EB64AA52E6}.Release|Any CPU.Build.0 = Release|Any CPU
		{DBD31EF0-DE51-4D5D-80F1-11A6D4B8D9A6}.Debug|Any CPU.ActiveCfg = Debug|Any CPU
		{DBD31EF0-DE51-4D5D-80F1-11A6D4B8D9A6}.Debug|Any CPU.Build.0 = Debug|Any CPU
		{DBD31EF0-DE51-4D5D-80F1-11A6D4B8D9A6}.Release|Any CPU.ActiveCfg = Release|Any CPU
		{DBD31EF0-DE51-4D5D-80F1-11A6D4B8D9A6}.Release|Any CPU.Build.0 = Release|Any CPU
		{95D4B7DA-EC46-4F97-A096-6BB6AEA40F6A}.Debug|Any CPU.ActiveCfg = Debug|Any CPU
		{95D4B7DA-EC46-4F97-A096-6BB6AEA40F6A}.Debug|Any CPU.Build.0 = Debug|Any CPU
		{95D4B7DA-EC46-4F97-A096-6BB6AEA40F6A}.Release|Any CPU.ActiveCfg = Release|Any CPU
		{95D4B7DA-EC46-4F97-A096-6BB6AEA40F6A}.Release|Any CPU.Build.0 = Release|Any CPU
		{33D19092-7A23-4C74-95ED-FC830466079E}.Debug|Any CPU.ActiveCfg = Debug|Any CPU
		{33D19092-7A23-4C74-95ED-FC830466079E}.Debug|Any CPU.Build.0 = Debug|Any CPU
		{33D19092-7A23-4C74-95ED-FC830466079E}.Release|Any CPU.ActiveCfg = Release|Any CPU
		{33D19092-7A23-4C74-95ED-FC830466079E}.Release|Any CPU.Build.0 = Release|Any CPU
		{E93048F7-EA40-44D7-986B-BAF67A03BC04}.Debug|Any CPU.ActiveCfg = Debug|Any CPU
		{E93048F7-EA40-44D7-986B-BAF67A03BC04}.Debug|Any CPU.Build.0 = Debug|Any CPU
		{E93048F7-EA40-44D7-986B-BAF67A03BC04}.Release|Any CPU.ActiveCfg = Release|Any CPU
		{E93048F7-EA40-44D7-986B-BAF67A03BC04}.Release|Any CPU.Build.0 = Release|Any CPU
		{29A032E7-EFB4-4FE7-AE23-649B9E219E67}.Debug|Any CPU.ActiveCfg = Debug|Any CPU
		{29A032E7-EFB4-4FE7-AE23-649B9E219E67}.Debug|Any CPU.Build.0 = Debug|Any CPU
		{29A032E7-EFB4-4FE7-AE23-649B9E219E67}.Release|Any CPU.ActiveCfg = Release|Any CPU
		{29A032E7-EFB4-4FE7-AE23-649B9E219E67}.Release|Any CPU.Build.0 = Release|Any CPU
		{77679245-AADE-4915-9ACA-08DBC2EA786B}.Debug|Any CPU.ActiveCfg = Debug|Any CPU
		{77679245-AADE-4915-9ACA-08DBC2EA786B}.Debug|Any CPU.Build.0 = Debug|Any CPU
		{77679245-AADE-4915-9ACA-08DBC2EA786B}.Release|Any CPU.ActiveCfg = Release|Any CPU
		{77679245-AADE-4915-9ACA-08DBC2EA786B}.Release|Any CPU.Build.0 = Release|Any CPU
		{63E5EE56-ECA8-4A6C-8082-FA06C79E8F30}.Debug|Any CPU.ActiveCfg = Debug|Any CPU
		{63E5EE56-ECA8-4A6C-8082-FA06C79E8F30}.Debug|Any CPU.Build.0 = Debug|Any CPU
		{63E5EE56-ECA8-4A6C-8082-FA06C79E8F30}.Release|Any CPU.ActiveCfg = Release|Any CPU
		{63E5EE56-ECA8-4A6C-8082-FA06C79E8F30}.Release|Any CPU.Build.0 = Release|Any CPU
		{13F8844A-AE4F-4BC3-B3B0-2367AC6ABEDB}.Debug|Any CPU.ActiveCfg = Debug|Any CPU
		{13F8844A-AE4F-4BC3-B3B0-2367AC6ABEDB}.Debug|Any CPU.Build.0 = Debug|Any CPU
		{13F8844A-AE4F-4BC3-B3B0-2367AC6ABEDB}.Release|Any CPU.ActiveCfg = Release|Any CPU
		{13F8844A-AE4F-4BC3-B3B0-2367AC6ABEDB}.Release|Any CPU.Build.0 = Release|Any CPU
		{E98E4076-6801-4022-ABF3-F23D3BF46E92}.Debug|Any CPU.ActiveCfg = Debug|Any CPU
		{E98E4076-6801-4022-ABF3-F23D3BF46E92}.Debug|Any CPU.Build.0 = Debug|Any CPU
		{E98E4076-6801-4022-ABF3-F23D3BF46E92}.Release|Any CPU.ActiveCfg = Release|Any CPU
		{E98E4076-6801-4022-ABF3-F23D3BF46E92}.Release|Any CPU.Build.0 = Release|Any CPU
		{CC856C1D-9525-45E1-8350-B1D0B0A44BC9}.Debug|Any CPU.ActiveCfg = Debug|Any CPU
		{CC856C1D-9525-45E1-8350-B1D0B0A44BC9}.Debug|Any CPU.Build.0 = Debug|Any CPU
		{CC856C1D-9525-45E1-8350-B1D0B0A44BC9}.Release|Any CPU.ActiveCfg = Release|Any CPU
		{CC856C1D-9525-45E1-8350-B1D0B0A44BC9}.Release|Any CPU.Build.0 = Release|Any CPU
		{E4287425-6348-4F8B-8961-8CAA9C422CD8}.Debug|Any CPU.ActiveCfg = Debug|Any CPU
		{E4287425-6348-4F8B-8961-8CAA9C422CD8}.Debug|Any CPU.Build.0 = Debug|Any CPU
		{E4287425-6348-4F8B-8961-8CAA9C422CD8}.Release|Any CPU.ActiveCfg = Release|Any CPU
		{E4287425-6348-4F8B-8961-8CAA9C422CD8}.Release|Any CPU.Build.0 = Release|Any CPU
		{EF4C41E3-DB39-4E94-93AF-DB1147DEB88F}.Debug|Any CPU.ActiveCfg = Debug|Any CPU
		{EF4C41E3-DB39-4E94-93AF-DB1147DEB88F}.Debug|Any CPU.Build.0 = Debug|Any CPU
		{EF4C41E3-DB39-4E94-93AF-DB1147DEB88F}.Release|Any CPU.ActiveCfg = Release|Any CPU
		{EF4C41E3-DB39-4E94-93AF-DB1147DEB88F}.Release|Any CPU.Build.0 = Release|Any CPU
		{9D916BB8-076D-444C-945C-BE53B5C59BAF}.Debug|Any CPU.ActiveCfg = Debug|Any CPU
		{9D916BB8-076D-444C-945C-BE53B5C59BAF}.Debug|Any CPU.Build.0 = Debug|Any CPU
		{9D916BB8-076D-444C-945C-BE53B5C59BAF}.Release|Any CPU.ActiveCfg = Release|Any CPU
		{9D916BB8-076D-444C-945C-BE53B5C59BAF}.Release|Any CPU.Build.0 = Release|Any CPU
	EndGlobalSection
	GlobalSection(SolutionProperties) = preSolution
		HideSolutionNode = FALSE
	EndGlobalSection
	GlobalSection(NestedProjects) = preSolution
		{29827D11-DFA7-4A2E-96C9-FE792CA2C3E8} = {59416BBB-2235-4A0A-BBE9-EA37D9EA7E1F}
		{365A67C0-6BCE-4B6F-8040-FD17046CEBFA} = {59416BBB-2235-4A0A-BBE9-EA37D9EA7E1F}
		{AA6B4592-1CDB-4318-BD01-096EB49B7317} = {59416BBB-2235-4A0A-BBE9-EA37D9EA7E1F}
		{CB0E69D2-C886-4B54-813F-74DB98A15D41} = {061CBA8A-E9E7-4803-BFA1-81F08773EA3F}
		{D8D6377D-0211-46F8-95FC-FF48F26D85B7} = {061CBA8A-E9E7-4803-BFA1-81F08773EA3F}
		{6DAB2A89-4235-4F04-92F4-8DCD1095323E} = {061CBA8A-E9E7-4803-BFA1-81F08773EA3F}
		{C8C2096B-83E8-47D4-9CE3-90E419BD139A} = {AE03AD1E-9B09-49B6-8505-E8A6E63A65F6}
		{289C7CFF-4BA2-49CF-8A22-CB1996D57387} = {AE03AD1E-9B09-49B6-8505-E8A6E63A65F6}
		{5C6DD683-22AE-41A0-BD31-310782F8B0C9} = {AE03AD1E-9B09-49B6-8505-E8A6E63A65F6}
		{A16415B0-8443-4805-83A6-E42157DA13AF} = {5C7DFC21-FA19-4140-8185-1F5ACA758579}
		{8A6D9E1E-98F5-404F-969C-83EB64AA52E6} = {5C7DFC21-FA19-4140-8185-1F5ACA758579}
		{DBD31EF0-DE51-4D5D-80F1-11A6D4B8D9A6} = {5C7DFC21-FA19-4140-8185-1F5ACA758579}
		{95D4B7DA-EC46-4F97-A096-6BB6AEA40F6A} = {FC7D8207-19CB-417B-9C08-19C9C9913428}
		{33D19092-7A23-4C74-95ED-FC830466079E} = {FC7D8207-19CB-417B-9C08-19C9C9913428}
		{E93048F7-EA40-44D7-986B-BAF67A03BC04} = {FC7D8207-19CB-417B-9C08-19C9C9913428}
		{29A032E7-EFB4-4FE7-AE23-649B9E219E67} = {104A013A-B57D-45B7-9FB6-7DA575236309}
		{77679245-AADE-4915-9ACA-08DBC2EA786B} = {104A013A-B57D-45B7-9FB6-7DA575236309}
		{63E5EE56-ECA8-4A6C-8082-FA06C79E8F30} = {104A013A-B57D-45B7-9FB6-7DA575236309}
		{13F8844A-AE4F-4BC3-B3B0-2367AC6ABEDB} = {E6C1FEAD-76E9-4833-ABB0-6B17404DD0BC}
		{E98E4076-6801-4022-ABF3-F23D3BF46E92} = {E6C1FEAD-76E9-4833-ABB0-6B17404DD0BC}
		{CC856C1D-9525-45E1-8350-B1D0B0A44BC9} = {E6C1FEAD-76E9-4833-ABB0-6B17404DD0BC}
		{E4287425-6348-4F8B-8961-8CAA9C422CD8} = {2A9C73A9-2FAB-485C-9BC9-4B25C346C4DC}
		{EF4C41E3-DB39-4E94-93AF-DB1147DEB88F} = {2A9C73A9-2FAB-485C-9BC9-4B25C346C4DC}
		{9D916BB8-076D-444C-945C-BE53B5C59BAF} = {2A9C73A9-2FAB-485C-9BC9-4B25C346C4DC}
	EndGlobalSection
	GlobalSection(ExtensibilityGlobals) = postSolution
		SolutionGuid = {65B67B39-0655-49D9-9A07-D662E8133888}
	EndGlobalSection
EndGlobal
